
Microsoft Visual Studio Solution File, Format Version 12.00
# Visual Studio Version 16
VisualStudioVersion = 16.0.31321.278
MinimumVisualStudioVersion = 10.0.40219.1
Project("{9A19103F-16F7-4668-BE54-9A1E7A4F7556}") = "StreamingTest", "StreamingTest.csproj", "{9BCD504A-93B7-4FEC-81BE-2617BECF6D8D}"
EndProject
Project("{9A19103F-16F7-4668-BE54-9A1E7A4F7556}") = "StreamConsumer", "..\StreamConsumer\StreamConsumer.csproj", "{85F3F9A4-79EA-4925-859D-638D71F75BB5}"
EndProject
Project("{FAE04EC0-301F-11D3-BF4B-00C04F79EFBC}") = "StreamSerialization", "..\StreamSerialization\StreamSerialization.csproj", "{C4652119-9BB4-4A70-89F7-2263A6CEC9BE}"
EndProject
Project("{FAE04EC0-301F-11D3-BF4B-00C04F79EFBC}") = "Models", "..\Models\Models.csproj", "{4C7EC237-A3CF-4E7A-AD17-482914909C52}"
EndProject
Global
	GlobalSection(SolutionConfigurationPlatforms) = preSolution
		Debug|Any CPU = Debug|Any CPU
		Release|Any CPU = Release|Any CPU
	EndGlobalSection
	GlobalSection(ProjectConfigurationPlatforms) = postSolution
		{9BCD504A-93B7-4FEC-81BE-2617BECF6D8D}.Debug|Any CPU.ActiveCfg = Debug|Any CPU
		{9BCD504A-93B7-4FEC-81BE-2617BECF6D8D}.Debug|Any CPU.Build.0 = Debug|Any CPU
		{9BCD504A-93B7-4FEC-81BE-2617BECF6D8D}.Release|Any CPU.ActiveCfg = Release|Any CPU
		{9BCD504A-93B7-4FEC-81BE-2617BECF6D8D}.Release|Any CPU.Build.0 = Release|Any CPU
		{85F3F9A4-79EA-4925-859D-638D71F75BB5}.Debug|Any CPU.ActiveCfg = Debug|Any CPU
		{85F3F9A4-79EA-4925-859D-638D71F75BB5}.Debug|Any CPU.Build.0 = Debug|Any CPU
		{85F3F9A4-79EA-4925-859D-638D71F75BB5}.Release|Any CPU.ActiveCfg = Release|Any CPU
		{85F3F9A4-79EA-4925-859D-638D71F75BB5}.Release|Any CPU.Build.0 = Release|Any CPU
		{C4652119-9BB4-4A70-89F7-2263A6CEC9BE}.Debug|Any CPU.ActiveCfg = Debug|Any CPU
		{C4652119-9BB4-4A70-89F7-2263A6CEC9BE}.Debug|Any CPU.Build.0 = Debug|Any CPU
		{C4652119-9BB4-4A70-89F7-2263A6CEC9BE}.Release|Any CPU.ActiveCfg = Release|Any CPU
		{C4652119-9BB4-4A70-89F7-2263A6CEC9BE}.Release|Any CPU.Build.0 = Release|Any CPU
		{4C7EC237-A3CF-4E7A-AD17-482914909C52}.Debug|Any CPU.ActiveCfg = Debug|Any CPU
		{4C7EC237-A3CF-4E7A-AD17-482914909C52}.Debug|Any CPU.Build.0 = Debug|Any CPU
		{4C7EC237-A3CF-4E7A-AD17-482914909C52}.Release|Any CPU.ActiveCfg = Release|Any CPU
		{4C7EC237-A3CF-4E7A-AD17-482914909C52}.Release|Any CPU.Build.0 = Release|Any CPU
	EndGlobalSection
	GlobalSection(SolutionProperties) = preSolution
		HideSolutionNode = FALSE
	EndGlobalSection
	GlobalSection(ExtensibilityGlobals) = postSolution
		SolutionGuid = {4ECF559A-4BC1-4FC8-9C0F-D632F5107513}
	EndGlobalSection
EndGlobal
